
Microsoft Visual Studio Solution File, Format Version 12.00
# Visual Studio Version 16
VisualStudioVersion = 16.0.30309.148
MinimumVisualStudioVersion = 10.0.40219.1
Project("{9A19103F-16F7-4668-BE54-9A1E7A4F7556}") = "AspNetCoreMvc.Shared", "ProgrammersBlog.Shared\AspNetCoreMvc.Shared.csproj", "{1F36F7EC-378F-410B-85C8-5682E1B32AEB}"
EndProject
Project("{9A19103F-16F7-4668-BE54-9A1E7A4F7556}") = "AspNetCoreMvc.Entities", "ProgrammersBlog.Entities\AspNetCoreMvc.Entities.csproj", "{976A6181-C778-4686-8DD9-FDDA342328CF}"
EndProject
Project("{9A19103F-16F7-4668-BE54-9A1E7A4F7556}") = "AspNetCoreMvc.Data", "ProgrammersBlog.Data\AspNetCoreMvc.Data.csproj", "{1E4ECE7B-5CBC-4EB4-8515-C17447E6A57C}"
EndProject
Project("{9A19103F-16F7-4668-BE54-9A1E7A4F7556}") = "AspNetCoreMvc.Mvc", "ProgrammersBlog.Mvc\AspNetCoreMvc.Mvc.csproj", "{0698F3D0-2274-4A7E-B255-64FCB6CB0184}"
EndProject
Project("{9A19103F-16F7-4668-BE54-9A1E7A4F7556}") = "AspNetCoreMvc.Services", "ProgrammersBlog.Services\AspNetCoreMvc.Services.csproj", "{E4A516D6-275E-4B30-A41C-FBB9A1161175}"
EndProject
Global
	GlobalSection(SolutionConfigurationPlatforms) = preSolution
		Debug|Any CPU = Debug|Any CPU
		Release|Any CPU = Release|Any CPU
	EndGlobalSection
	GlobalSection(ProjectConfigurationPlatforms) = postSolution
		{1F36F7EC-378F-410B-85C8-5682E1B32AEB}.Debug|Any CPU.ActiveCfg = Debug|Any CPU
		{1F36F7EC-378F-410B-85C8-5682E1B32AEB}.Debug|Any CPU.Build.0 = Debug|Any CPU
		{1F36F7EC-378F-410B-85C8-5682E1B32AEB}.Release|Any CPU.ActiveCfg = Release|Any CPU
		{1F36F7EC-378F-410B-85C8-5682E1B32AEB}.Release|Any CPU.Build.0 = Release|Any CPU
		{976A6181-C778-4686-8DD9-FDDA342328CF}.Debug|Any CPU.ActiveCfg = Debug|Any CPU
		{976A6181-C778-4686-8DD9-FDDA342328CF}.Debug|Any CPU.Build.0 = Debug|Any CPU
		{976A6181-C778-4686-8DD9-FDDA342328CF}.Release|Any CPU.ActiveCfg = Release|Any CPU
		{976A6181-C778-4686-8DD9-FDDA342328CF}.Release|Any CPU.Build.0 = Release|Any CPU
		{1E4ECE7B-5CBC-4EB4-8515-C17447E6A57C}.Debug|Any CPU.ActiveCfg = Debug|Any CPU
		{1E4ECE7B-5CBC-4EB4-8515-C17447E6A57C}.Debug|Any CPU.Build.0 = Debug|Any CPU
		{1E4ECE7B-5CBC-4EB4-8515-C17447E6A57C}.Release|Any CPU.ActiveCfg = Release|Any CPU
		{1E4ECE7B-5CBC-4EB4-8515-C17447E6A57C}.Release|Any CPU.Build.0 = Release|Any CPU
		{0698F3D0-2274-4A7E-B255-64FCB6CB0184}.Debug|Any CPU.ActiveCfg = Debug|Any CPU
		{0698F3D0-2274-4A7E-B255-64FCB6CB0184}.Debug|Any CPU.Build.0 = Debug|Any CPU
		{0698F3D0-2274-4A7E-B255-64FCB6CB0184}.Release|Any CPU.ActiveCfg = Release|Any CPU
		{0698F3D0-2274-4A7E-B255-64FCB6CB0184}.Release|Any CPU.Build.0 = Release|Any CPU
		{E4A516D6-275E-4B30-A41C-FBB9A1161175}.Debug|Any CPU.ActiveCfg = Debug|Any CPU
		{E4A516D6-275E-4B30-A41C-FBB9A1161175}.Debug|Any CPU.Build.0 = Debug|Any CPU
		{E4A516D6-275E-4B30-A41C-FBB9A1161175}.Release|Any CPU.ActiveCfg = Release|Any CPU
		{E4A516D6-275E-4B30-A41C-FBB9A1161175}.Release|Any CPU.Build.0 = Release|Any CPU
	EndGlobalSection
	GlobalSection(SolutionProperties) = preSolution
		HideSolutionNode = FALSE
	EndGlobalSection
	GlobalSection(ExtensibilityGlobals) = postSolution
		SolutionGuid = {8421C771-B798-4922-8221-0AEA458AA454}
	EndGlobalSection
EndGlobal
